{
  "lockfileVersion": 1,
  "configVersion": 1,
  "workspaces": {
    "": {
      "name": "@drakulavich/kesha-voice-kit",
      "dependencies": {
        "@toon-format/toon": "^2.1.0",
        "citty": "^0.2.2",
        "fastest-levenshtein": "^1.0.16",
        "picocolors": "^1.1.1",
        "tinyld": "^1.3.4",
      },
      "devDependencies": {
        "@types/bun": "latest",
        "@typescript/native-preview": "^7.0.0-dev.20260423.1",
        "fast-xml-parser": "^5.5.10",
        "typescript": "^6.0.2",
        "yaml": "^2.9.0",
      },
    },
  },
  "packages": {
    "@toon-format/toon": ["@toon-format/toon@2.1.0", "", {}, "sha512-JwWptdF5eOA0HaQxbKAzkpQtR4wSWTEfDlEy/y3/4okmOAX1qwnpLZMmtEWr+ncAhTTY1raCKH0kteHhSXnQqg=="],

    "@types/bun": ["@types/bun@1.3.11", "", { "dependencies": { "bun-types": "1.3.11" } }, "sha512-5vPne5QvtpjGpsGYXiFyycfpDF2ECyPcTSsFBMa0fraoxiQyMJ3SmuQIGhzPg2WJuWxVBoxWJ2kClYTcw/4fAg=="],

    "@types/node": ["@types/node@25.5.2", "", { "dependencies": { "undici-types": "~7.18.0" } }, "sha512-tO4ZIRKNC+MDWV4qKVZe3Ql/woTnmHDr5JD8UI5hn2pwBrHEwOEMZK7WlNb5RKB6EoJ02gwmQS9OrjuFnZYdpg=="],

    "@typescript/native-preview": ["@typescript/native-preview@7.0.0-dev.20260423.1", "", { "optionalDependencies": { "@typescript/native-preview-darwin-arm64": "7.0.0-dev.20260423.1", "@typescript/native-preview-darwin-x64": "7.0.0-dev.20260423.1", "@typescript/native-preview-linux-arm": "7.0.0-dev.20260423.1", "@typescript/native-preview-linux-arm64": "7.0.0-dev.20260423.1", "@typescript/native-preview-linux-x64": "7.0.0-dev.20260423.1", "@typescript/native-preview-win32-arm64": "7.0.0-dev.20260423.1", "@typescript/native-preview-win32-x64": "7.0.0-dev.20260423.1" }, "bin": { "tsgo": "bin/tsgo.js" } }, "sha512-9WD7TJJlGvt9PQqJI/+44dVP4oqGQFIkYrpXt7nlQ0WgNIErN52x/XhxmJ4nWft06qejgPiUbPo4aYRNOmIHXg=="],

    "@typescript/native-preview-darwin-arm64": ["@typescript/native-preview-darwin-arm64@7.0.0-dev.20260423.1", "", { "os": "darwin", "cpu": "arm64" }, "sha512-wbLr6o5fROaCYt6cOpFhbe92FJAOdhAHwm/s8I/IyN5HbL1ULgel/wHaZiR+ws+27rgruNUiCENzTUg9vSz2bA=="],

    "@typescript/native-preview-darwin-x64": ["@typescript/native-preview-darwin-x64@7.0.0-dev.20260423.1", "", { "os": "darwin", "cpu": "x64" }, "sha512-13MpNT+4MgkgrfiW2u03rnER5aB3yz9fA0bWEYh6IH3rIqA2AR3Dntp3QXW4sQrZf0SriXqHe2R7X3HCT5xmqA=="],

    "@typescript/native-preview-linux-arm": ["@typescript/native-preview-linux-arm@7.0.0-dev.20260423.1", "", { "os": "linux", "cpu": "arm" }, "sha512-CxUA15qbPQRvz2nanBpiv1h4tgXTCJJwqOtgKMSdIuPkow8dyYW3ba5oLoH/jZhS4792XislX659hlFrfiU6CQ=="],

    "@typescript/native-preview-linux-arm64": ["@typescript/native-preview-linux-arm64@7.0.0-dev.20260423.1", "", { "os": "linux", "cpu": "arm64" }, "sha512-ICIkJDTqmn0R4Vs811+Ht2RYTk1OCrAhHCu0JthmhR216T1Tqgi5DWRoCprp3RL1qU6fLnxxrIpEbNlNN7XFYA=="],

    "@typescript/native-preview-linux-x64": ["@typescript/native-preview-linux-x64@7.0.0-dev.20260423.1", "", { "os": "linux", "cpu": "x64" }, "sha512-cWLFS4R8dOU1YuUJ/2VLeGMVIjgI3GGb/f9rRY5MbWHq5l3NNZh8y1QwAOrTh3+g3q6+znArfxVnD2hZHUz8Mw=="],

    "@typescript/native-preview-win32-arm64": ["@typescript/native-preview-win32-arm64@7.0.0-dev.20260423.1", "", { "os": "win32", "cpu": "arm64" }, "sha512-OWaGUI4+dHqYZv+k6sITx9Y27FNy3XzNFk4OrOiYtBkIO/xrb9TPMP4A5XI4n5zwRLIv3xne9g039xgRbaeyoQ=="],

    "@typescript/native-preview-win32-x64": ["@typescript/native-preview-win32-x64@7.0.0-dev.20260423.1", "", { "os": "win32", "cpu": "x64" }, "sha512-5MQjO/qdLwXpjW7Dy/1lNv7Vtpvo6bhCkbjan4PoRN5/eeyqEqDWxdf8AGE4btLmHqyIjEHRuYf7kp2tlAr6lQ=="],

    "bun-types": ["bun-types@1.3.11", "", { "dependencies": { "@types/node": "*" } }, "sha512-1KGPpoxQWl9f6wcZh57LvrPIInQMn2TQ7jsgxqpRzg+l0QPOFvJVH7HmvHo/AiPgwXy+/Thf6Ov3EdVn1vOabg=="],

    "citty": ["citty@0.2.2", "", {}, "sha512-+6vJA3L98yv+IdfKGZHBNiGW5KHn22e/JwID0Strsz8h4S/csAu/OuICwxrg44k5MRiZHWIo8XXuJgQTriRP4w=="],

    "fast-xml-builder": ["fast-xml-builder@1.1.4", "", { "dependencies": { "path-expression-matcher": "^1.1.3" } }, "sha512-f2jhpN4Eccy0/Uz9csxh3Nu6q4ErKxf0XIsasomfOihuSUa3/xw6w8dnOtCDgEItQFJG8KyXPzQXzcODDrrbOg=="],

    "fast-xml-parser": ["fast-xml-parser@5.5.10", "", { "dependencies": { "fast-xml-builder": "^1.1.4", "path-expression-matcher": "^1.2.1", "strnum": "^2.2.2" }, "bin": { "fxparser": "src/cli/cli.js" } }, "sha512-go2J2xODMc32hT+4Xr/bBGXMaIoiCwrwp2mMtAvKyvEFW6S/v5Gn2pBmE4nvbwNjGhpcAiOwEv7R6/GZ6XRa9w=="],

    "fastest-levenshtein": ["fastest-levenshtein@1.0.16", "", {}, "sha512-eRnCtTTtGZFpQCwhJiUOuxPQWRXVKYDn0b2PeHfXL6/Zi53SLAzAHfVhVWK2AryC/WH05kGfxhFIPvTF0SXQzg=="],

    "path-expression-matcher": ["path-expression-matcher@1.4.0", "", {}, "sha512-s4DQMxIdhj3jLFWd9LxHOplj4p9yQ4ffMGowFf3cpEgrrJjEhN0V5nxw4Ye1EViAGDoL4/1AeO6qHpqYPOzE4Q=="],

    "picocolors": ["picocolors@1.1.1", "", {}, "sha512-xceH2snhtb5M9liqDsmEw56le376mTZkEX/jEb/RxNFyegNul7eNslCXP9FDj/Lcu0X8KEyMceP2ntpaHrDEVA=="],

    "strnum": ["strnum@2.2.3", "", {}, "sha512-oKx6RUCuHfT3oyVjtnrmn19H1SiCqgJSg+54XqURKp5aCMbrXrhLjRN9TjuwMjiYstZ0MzDrHqkGZ5dFTKd+zg=="],

    "tinyld": ["tinyld@1.3.4", "", { "bin": { "tinyld": "bin\\tinyld.js", "tinyld-light": "bin\\tinyld-light.js", "tinyld-heavy": "bin\\tinyld-heavy.js" } }, "sha512-u26CNoaInA4XpDU+8s/6Cq8xHc2T5M4fXB3ICfXPokUQoLzmPgSZU02TAkFwFMJCWTjk53gtkS8pETTreZwCqw=="],

    "typescript": ["typescript@6.0.2", "", { "bin": { "tsc": "bin/tsc", "tsserver": "bin/tsserver" } }, "sha512-bGdAIrZ0wiGDo5l8c++HWtbaNCWTS4UTv7RaTH/ThVIgjkveJt83m74bBHMJkuCbslY8ixgLBVZJIOiQlQTjfQ=="],

    "undici-types": ["undici-types@7.18.2", "", {}, "sha512-AsuCzffGHJybSaRrmr5eHr81mwJU3kjw6M+uprWvCXiNeN9SOGwQ3Jn8jb8m3Z6izVgknn1R0FTCEAP2QrLY/w=="],

    "yaml": ["yaml@2.9.0", "", { "bin": { "yaml": "bin.mjs" } }, "sha512-2AvhNX3mb8zd6Zy7INTtSpl1F15HW6Wnqj0srWlkKLcpYl/gMIMJiyuGq2KeI2YFxUPjdlB+3Lc10seMLtL4cA=="],
  }
}
